PODS:
  - Firebase (3.15.0):
    - Firebase/Core (= 3.15.0)
  - Firebase/AdMob (3.15.0):
    - Firebase/Core
    - Google-Mobile-Ads-SDK (= 7.19.0)
  - Firebase/Core (3.15.0):
    - FirebaseAnalytics (= 3.7.0)
    - FirebaseCore (= 3.5.2)
  - FirebaseAnalytics (3.7.0):
    - FirebaseCore (~> 3.5)
    - FirebaseInstanceID (~> 1.0)
    - GoogleToolboxForMac/NSData+zlib (~> 2.1)
  - FirebaseCore (3.5.2):
    - GoogleToolboxForMac/NSData+zlib (~> 2.1)
  - FirebaseInstanceID (1.0.9)
  - Google-Mobile-Ads-SDK (7.19.0)
  - GoogleToolboxForMac/Defines (2.1.1)
  - GoogleToolboxForMac/NSData+zlib (2.1.1):
    - GoogleToolboxForMac/Defines (= 2.1.1)
  - React/BatchedBridge (0.45.1):
    - React/Core
    - React/cxxreact_legacy
  - React/Core (0.45.1):
    - Yoga (= 0.45.1.React)
  - React/cxxreact_legacy (0.45.1):
    - React/jschelpers_legacy
  - React/jschelpers_legacy (0.45.1)
  - RNFirebase (2.0.0)
  - Yoga (0.45.1.React)

DEPENDENCIES:
  - Firebase
  - Firebase/AdMob
  - Firebase/Core
  - React/BatchedBridge (from `../node_modules/react-native`)
  - React/Core (from `../node_modules/react-native`)
  - RNFirebase (from `../node_modules/react-native-firebase`)
  - Yoga (from `../node_modules/react-native/ReactCommon/yoga`)

EXTERNAL SOURCES:
  React:
    :path: ../node_modules/react-native
  RNFirebase:
    :path: ../node_modules/react-native-firebase
  Yoga:
    :path: ../node_modules/react-native/ReactCommon/yoga

SPEC CHECKSUMS:
  Firebase: 2b1cdfba1cda8589f32904a697cc753322bff9d8
  FirebaseAnalytics: 0d1b7d81d5021155be37702a94ba1ec16d45365d
  FirebaseCore: a024587e43778508700af8c6b1209f7c4516ba02
  FirebaseInstanceID: 2d0518b1378fe9d685ef40cbdd63d2fdc1125339
  Google-Mobile-Ads-SDK: d1bcdbd8347a105a687345b8511701172a5074e9
  GoogleToolboxForMac: 8e329f1b599f2512c6b10676d45736bcc2cbbeb0
  React: 0c9191a8b0c843d7004f950ac6b5f6cba9d125c7
  RNFirebase: dcc4dcb1c9400a9bc01866e50d1351272a7df311
  Yoga: 89c8738d42a0b46a113acb4e574336d61cba2985

PODFILE CHECKSUM: c9def4dae460ee81df0438ccbe0a0a9b9249fe9e

COCOAPODS: 1.2.0
