// !$*UTF8*$!
{
	archiveVersion = 1;
	classes = {
	};
	objectVersion = 46;
	objects = {

/* Begin PBXBuildFile section */
		5419C33D1E49DBDF00D70A23 /* NSArrayTest.m in Sources */ = {isa = PBXBuildFile; fileRef = 5419C33C1E49DBDF00D70A23 /* NSArrayTest.m */; };
		542A2EBD1E4C1171004AA43F /* NSDictionaryTest.m in Sources */ = {isa = PBXBuildFile; fileRef = 542A2EBC1E4C1171004AA43F /* NSDictionaryTest.m */; };
		542F18891E4D418A003F3DED /* CharacterSetTest.m in Sources */ = {isa = PBXBuildFile; fileRef = 542F18881E4D418A003F3DED /* CharacterSetTest.m */; };
		5443CFAC1E56C34F000BD8C0 /* Foundation.framework in Frameworks */ = {isa = PBXBuildFile; fileRef = 5443CFAB1E56C34F000BD8C0 /* Foundation.framework */; };
		5443CFAE1E56C426000BD8C0 /* PhotosUI.framework in Frameworks */ = {isa = PBXBuildFile; fileRef = 5443CFAD1E56C426000BD8C0 /* PhotosUI.framework */; };
		54573E6E1E4A9B87003B31B7 /* Person.m in Sources */ = {isa = PBXBuildFile; fileRef = 54573E6D1E4A9B87003B31B7 /* Person.m */; };
		54DA98791E2C93900046C84B /* main.m in Sources */ = {isa = PBXBuildFile; fileRef = 54DA98781E2C93900046C84B /* main.m */; };
		54DA98811E2C939F0046C84B /* NSStringTest.m in Sources */ = {isa = PBXBuildFile; fileRef = 54DA98801E2C939F0046C84B /* NSStringTest.m */; };
/* End PBXBuildFile section */

/* Begin PBXCopyFilesBuildPhase section */
		54DA98731E2C93900046C84B /* CopyFiles */ = {
			isa = PBXCopyFilesBuildPhase;
			buildActionMask = 2147483647;
			dstPath = /usr/share/man/man1/;
			dstSubfolderSpec = 0;
			files = (
			);
			runOnlyForDeploymentPostprocessing = 1;
		};
/* End PBXCopyFilesBuildPhase section */

/* Begin PBXFileReference section */
		5419C33B1E49DBDF00D70A23 /* NSArrayTest.h */ = {isa = PBXFileReference; fileEncoding = 4; lastKnownFileType = sourcecode.c.h; path = NSArrayTest.h; sourceTree = "<group>"; };
		5419C33C1E49DBDF00D70A23 /* NSArrayTest.m */ = {isa = PBXFileReference; fileEncoding = 4; lastKnownFileType = sourcecode.c.objc; path = NSArrayTest.m; sourceTree = "<group>"; };
		542A2EBB1E4C1171004AA43F /* NSDictionaryTest.h */ = {isa = PBXFileReference; fileEncoding = 4; lastKnownFileType = sourcecode.c.h; path = NSDictionaryTest.h; sourceTree = "<group>"; };
		542A2EBC1E4C1171004AA43F /* NSDictionaryTest.m */ = {isa = PBXFileReference; fileEncoding = 4; lastKnownFileType = sourcecode.c.objc; path = NSDictionaryTest.m; sourceTree = "<group>"; };
		542F18871E4D418A003F3DED /* CharacterSetTest.h */ = {isa = PBXFileReference; fileEncoding = 4; lastKnownFileType = sourcecode.c.h; path = CharacterSetTest.h; sourceTree = "<group>"; };
		542F18881E4D418A003F3DED /* CharacterSetTest.m */ = {isa = PBXFileReference; fileEncoding = 4; lastKnownFileType = sourcecode.c.objc; path = CharacterSetTest.m; sourceTree = "<group>"; };
		542F188A1E4D4214003F3DED /* TestProtocal.h */ = {isa = PBXFileReference; lastKnownFileType = sourcecode.c.h; path = TestProtocal.h; sourceTree = "<group>"; };
		5443CFAB1E56C34F000BD8C0 /* Foundation.framework */ = {isa = PBXFileReference; lastKnownFileType = wrapper.framework; name = Foundation.framework; path = "../../../iOS-interface/Foundation.framework"; sourceTree = "<group>"; };
		5443CFAD1E56C426000BD8C0 /* PhotosUI.framework */ = {isa = PBXFileReference; lastKnownFileType = wrapper.framework; name = PhotosUI.framework; path = System/Library/Frameworks/PhotosUI.framework; sourceTree = SDKROOT; };
		54573E6C1E4A9B87003B31B7 /* Person.h */ = {isa = PBXFileReference; fileEncoding = 4; lastKnownFileType = sourcecode.c.h; path = Person.h; sourceTree = "<group>"; };
		54573E6D1E4A9B87003B31B7 /* Person.m */ = {isa = PBXFileReference; fileEncoding = 4; lastKnownFileType = sourcecode.c.objc; path = Person.m; sourceTree = "<group>"; };
		54DA98751E2C93900046C84B /* OCBasic */ = {isa = PBXFileReference; explicitFileType = "compiled.mach-o.executable"; includeInIndex = 0; path = OCBasic; sourceTree = BUILT_PRODUCTS_DIR; };
		54DA98781E2C93900046C84B /* main.m */ = {isa = PBXFileReference; lastKnownFileType = sourcecode.c.objc; path = main.m; sourceTree = "<group>"; };
		54DA987F1E2C939F0046C84B /* NSStringTest.h */ = {isa = PBXFileReference; fileEncoding = 4; lastKnownFileType = sourcecode.c.h; path = NSStringTest.h; sourceTree = "<group>"; };
		54DA98801E2C939F0046C84B /* NSStringTest.m */ = {isa = PBXFileReference; fileEncoding = 4; lastKnownFileType = sourcecode.c.objc; path = NSStringTest.m; sourceTree = "<group>"; };
/* End PBXFileReference section */

/* Begin PBXFrameworksBuildPhase section */
		54DA98721E2C93900046C84B /* Frameworks */ = {
			isa = PBXFrameworksBuildPhase;
			buildActionMask = 2147483647;
			files = (
				5443CFAE1E56C426000BD8C0 /* PhotosUI.framework in Frameworks */,
				5443CFAC1E56C34F000BD8C0 /* Foundation.framework in Frameworks */,
			);
			runOnlyForDeploymentPostprocessing = 0;
		};
/* End PBXFrameworksBuildPhase section */

/* Begin PBXGroup section */
		5443CFA81E55E55D000BD8C0 /* Frameworks */ = {
			isa = PBXGroup;
			children = (
				5443CFAD1E56C426000BD8C0 /* PhotosUI.framework */,
				5443CFAB1E56C34F000BD8C0 /* Foundation.framework */,
			);
			name = Frameworks;
			sourceTree = "<group>";
		};
		54DA986C1E2C93900046C84B = {
			isa = PBXGroup;
			children = (
				54DA98771E2C93900046C84B /* OCBasic */,
				54DA98761E2C93900046C84B /* Products */,
				5443CFA81E55E55D000BD8C0 /* Frameworks */,
			);
			sourceTree = "<group>";
		};
		54DA98761E2C93900046C84B /* Products */ = {
			isa = PBXGroup;
			children = (
				54DA98751E2C93900046C84B /* OCBasic */,
			);
			name = Products;
			sourceTree = "<group>";
		};
		54DA98771E2C93900046C84B /* OCBasic */ = {
			isa = PBXGroup;
			children = (
				54DA987F1E2C939F0046C84B /* NSStringTest.h */,
				54DA98801E2C939F0046C84B /* NSStringTest.m */,
				54DA98781E2C93900046C84B /* main.m */,
				5419C33B1E49DBDF00D70A23 /* NSArrayTest.h */,
				5419C33C1E49DBDF00D70A23 /* NSArrayTest.m */,
				54573E6C1E4A9B87003B31B7 /* Person.h */,
				54573E6D1E4A9B87003B31B7 /* Person.m */,
				542A2EBB1E4C1171004AA43F /* NSDictionaryTest.h */,
				542A2EBC1E4C1171004AA43F /* NSDictionaryTest.m */,
				542F18871E4D418A003F3DED /* CharacterSetTest.h */,
				542F18881E4D418A003F3DED /* CharacterSetTest.m */,
				542F188A1E4D4214003F3DED /* TestProtocal.h */,
			);
			path = OCBasic;
			sourceTree = "<group>";
		};
/* End PBXGroup section */

/* Begin PBXNativeTarget section */
		54DA98741E2C93900046C84B /* OCBasic */ = {
			isa = PBXNativeTarget;
			buildConfigurationList = 54DA987C1E2C93900046C84B /* Build configuration list for PBXNativeTarget "OCBasic" */;
			buildPhases = (
				54DA98711E2C93900046C84B /* Sources */,
				54DA98721E2C93900046C84B /* Frameworks */,
				54DA98731E2C93900046C84B /* CopyFiles */,
			);
			buildRules = (
			);
			dependencies = (
			);
			name = OCBasic;
			productName = OCBasic;
			productReference = 54DA98751E2C93900046C84B /* OCBasic */;
			productType = "com.apple.product-type.tool";
		};
/* End PBXNativeTarget section */

/* Begin PBXProject section */
		54DA986D1E2C93900046C84B /* Project object */ = {
			isa = PBXProject;
			attributes = {
				LastUpgradeCheck = 0820;
				ORGANIZATIONNAME = liulihua;
				TargetAttributes = {
					54DA98741E2C93900046C84B = {
						CreatedOnToolsVersion = 8.2;
						ProvisioningStyle = Automatic;
					};
				};
			};
			buildConfigurationList = 54DA98701E2C93900046C84B /* Build configuration list for PBXProject "OCBasic" */;
			compatibilityVersion = "Xcode 3.2";
			developmentRegion = English;
			hasScannedForEncodings = 0;
			knownRegions = (
				en,
			);
			mainGroup = 54DA986C1E2C93900046C84B;
			productRefGroup = 54DA98761E2C93900046C84B /* Products */;
			projectDirPath = "";
			projectRoot = "";
			targets = (
				54DA98741E2C93900046C84B /* OCBasic */,
			);
		};
/* End PBXProject section */

/* Begin PBXSourcesBuildPhase section */
		54DA98711E2C93900046C84B /* Sources */ = {
			isa = PBXSourcesBuildPhase;
			buildActionMask = 2147483647;
			files = (
				5419C33D1E49DBDF00D70A23 /* NSArrayTest.m in Sources */,
				54DA98791E2C93900046C84B /* main.m in Sources */,
				542F18891E4D418A003F3DED /* CharacterSetTest.m in Sources */,
				54573E6E1E4A9B87003B31B7 /* Person.m in Sources */,
				542A2EBD1E4C1171004AA43F /* NSDictionaryTest.m in Sources */,
				54DA98811E2C939F0046C84B /* NSStringTest.m in Sources */,
			);
			runOnlyForDeploymentPostprocessing = 0;
		};
/* End PBXSourcesBuildPhase section */

/* Begin XCBuildConfiguration section */
		54DA987A1E2C93900046C84B /* Debug */ = {
			isa = XCBuildConfiguration;
			buildSettings = {
				ALWAYS_SEARCH_USER_PATHS = NO;
				CLANG_ANALYZER_NONNULL = YES;
				CLANG_CXX_LANGUAGE_STANDARD = "gnu++0x";
				CLANG_CXX_LIBRARY = "libc++";
				CLANG_ENABLE_MODULES = YES;
				CLANG_ENABLE_OBJC_ARC = YES;
				CLANG_WARN_BOOL_CONVERSION = YES;
				CLANG_WARN_CONSTANT_CONVERSION = YES;
				CLANG_WARN_DIRECT_OBJC_ISA_USAGE = YES_ERROR;
				CLANG_WARN_DOCUMENTATION_COMMENTS = YES;
				CLANG_WARN_EMPTY_BODY = YES;
				CLANG_WARN_ENUM_CONVERSION = YES;
				CLANG_WARN_INFINITE_RECURSION = YES;
				CLANG_WARN_INT_CONVERSION = YES;
				CLANG_WARN_OBJC_ROOT_CLASS = YES_ERROR;
				CLANG_WARN_SUSPICIOUS_MOVE = YES;
				CLANG_WARN_UNREACHABLE_CODE = YES;
				CLANG_WARN__DUPLICATE_METHOD_MATCH = YES;
				CODE_SIGN_IDENTITY = "-";
				COPY_PHASE_STRIP = NO;
				DEBUG_INFORMATION_FORMAT = dwarf;
				ENABLE_STRICT_OBJC_MSGSEND = YES;
				ENABLE_TESTABILITY = YES;
				GCC_C_LANGUAGE_STANDARD = gnu99;
				GCC_DYNAMIC_NO_PIC = NO;
				GCC_NO_COMMON_BLOCKS = YES;
				GCC_OPTIMIZATION_LEVEL = 0;
				GCC_PREPROCESSOR_DEFINITIONS = (
					"DEBUG=1",
					"$(inherited)",
				);
				GCC_WARN_64_TO_32_BIT_CONVERSION = YES;
				GCC_WARN_ABOUT_RETURN_TYPE = YES_ERROR;
				GCC_WARN_UNDECLARED_SELECTOR = YES;
				GCC_WARN_UNINITIALIZED_AUTOS = YES_AGGRESSIVE;
				GCC_WARN_UNUSED_FUNCTION = YES;
				GCC_WARN_UNUSED_VARIABLE = YES;
				MACOSX_DEPLOYMENT_TARGET = 10.11;
				MTL_ENABLE_DEBUG_INFO = YES;
				ONLY_ACTIVE_ARCH = YES;
				SDKROOT = macosx;
			};
			name = Debug;
		};
		54DA987B1E2C93900046C84B /* Release */ = {
			isa = XCBuildConfiguration;
			buildSettings = {
				ALWAYS_SEARCH_USER_PATHS = NO;
				CLANG_ANALYZER_NONNULL = YES;
				CLANG_CXX_LANGUAGE_STANDARD = "gnu++0x";
				CLANG_CXX_LIBRARY = "libc++";
				CLANG_ENABLE_MODULES = YES;
				CLANG_ENABLE_OBJC_ARC = YES;
				CLANG_WARN_BOOL_CONVERSION = YES;
				CLANG_WARN_CONSTANT_CONVERSION = YES;
				CLANG_WARN_DIRECT_OBJC_ISA_USAGE = YES_ERROR;
				CLANG_WARN_DOCUMENTATION_COMMENTS = YES;
				CLANG_WARN_EMPTY_BODY = YES;
				CLANG_WARN_ENUM_CONVERSION = YES;
				CLANG_WARN_INFINITE_RECURSION = YES;
				CLANG_WARN_INT_CONVERSION = YES;
				CLANG_WARN_OBJC_ROOT_CLASS = YES_ERROR;
				CLANG_WARN_SUSPICIOUS_MOVE = YES;
				CLANG_WARN_UNREACHABLE_CODE = YES;
				CLANG_WARN__DUPLICATE_METHOD_MATCH = YES;
				CODE_SIGN_IDENTITY = "-";
				COPY_PHASE_STRIP = NO;
				DEBUG_INFORMATION_FORMAT = "dwarf-with-dsym";
				ENABLE_NS_ASSERTIONS = NO;
				ENABLE_STRICT_OBJC_MSGSEND = YES;
				GCC_C_LANGUAGE_STANDARD = gnu99;
				GCC_NO_COMMON_BLOCKS = YES;
				GCC_WARN_64_TO_32_BIT_CONVERSION = YES;
				GCC_WARN_ABOUT_RETURN_TYPE = YES_ERROR;
				GCC_WARN_UNDECLARED_SELECTOR = YES;
				GCC_WARN_UNINITIALIZED_AUTOS = YES_AGGRESSIVE;
				GCC_WARN_UNUSED_FUNCTION = YES;
				GCC_WARN_UNUSED_VARIABLE = YES;
				MACOSX_DEPLOYMENT_TARGET = 10.11;
				MTL_ENABLE_DEBUG_INFO = NO;
				SDKROOT = macosx;
			};
			name = Release;
		};
		54DA987D1E2C93900046C84B /* Debug */ = {
			isa = XCBuildConfiguration;
			buildSettings = {
				PRODUCT_NAME = "$(TARGET_NAME)";
			};
			name = Debug;
		};
		54DA987E1E2C93900046C84B /* Release */ = {
			isa = XCBuildConfiguration;
			buildSettings = {
				PRODUCT_NAME = "$(TARGET_NAME)";
			};
			name = Release;
		};
/* End XCBuildConfiguration section */

/* Begin XCConfigurationList section */
		54DA98701E2C93900046C84B /* Build configuration list for PBXProject "OCBasic" */ = {
			isa = XCConfigurationList;
			buildConfigurations = (
				54DA987A1E2C93900046C84B /* Debug */,
				54DA987B1E2C93900046C84B /* Release */,
			);
			defaultConfigurationIsVisible = 0;
			defaultConfigurationName = Release;
		};
		54DA987C1E2C93900046C84B /* Build configuration list for PBXNativeTarget "OCBasic" */ = {
			isa = XCConfigurationList;
			buildConfigurations = (
				54DA987D1E2C93900046C84B /* Debug */,
				54DA987E1E2C93900046C84B /* Release */,
			);
			defaultConfigurationIsVisible = 0;
			defaultConfigurationName = Release;
		};
/* End XCConfigurationList section */
	};
	rootObject = 54DA986D1E2C93900046C84B /* Project object */;
}
