// !$*UTF8*$!
{
	archiveVersion = 1;
	classes = {
	};
	objectVersion = 46;
	objects = {

/* Begin PBXBuildFile section */
		540AC4941E1661B90054334B /* main.m in Sources */ = {isa = PBXBuildFile; fileRef = 540AC4931E1661B90054334B /* main.m */; };
		540AC4971E1661B90054334B /* AppDelegate.m in Sources */ = {isa = PBXBuildFile; fileRef = 540AC4961E1661B90054334B /* AppDelegate.m */; };
		540AC49A1E1661B90054334B /* ViewController.m in Sources */ = {isa = PBXBuildFile; fileRef = 540AC4991E1661B90054334B /* ViewController.m */; };
		540AC49F1E1661B90054334B /* Assets.xcassets in Resources */ = {isa = PBXBuildFile; fileRef = 540AC49E1E1661B90054334B /* Assets.xcassets */; };
		540AC4A21E1661B90054334B /* LaunchScreen.storyboard in Resources */ = {isa = PBXBuildFile; fileRef = 540AC4A01E1661B90054334B /* LaunchScreen.storyboard */; };
		540AC4AD1E1661BA0054334B /* ViewControllerTests.m in Sources */ = {isa = PBXBuildFile; fileRef = 540AC4AC1E1661BA0054334B /* ViewControllerTests.m */; };
		540AC4B81E1661BA0054334B /* ViewControllerUITests.m in Sources */ = {isa = PBXBuildFile; fileRef = 540AC4B71E1661BA0054334B /* ViewControllerUITests.m */; };
		54D6F3DC1E1E2A52008B93CE /* Photo.m in Sources */ = {isa = PBXBuildFile; fileRef = 54D6F3DB1E1E2A52008B93CE /* Photo.m */; };
		54D6F3E11E1E2F86008B93CE /* PhotoCell.m in Sources */ = {isa = PBXBuildFile; fileRef = 54D6F3E01E1E2F86008B93CE /* PhotoCell.m */; };
		54D6F4251E1F6E5E008B93CE /* bg_white_top@2x.png in Resources */ = {isa = PBXBuildFile; fileRef = 54D6F4241E1F6E5E008B93CE /* bg_white_top@2x.png */; };
		54D6F4281E1F87D8008B93CE /* ArrayDataSource.m in Sources */ = {isa = PBXBuildFile; fileRef = 54D6F4271E1F87D8008B93CE /* ArrayDataSource.m */; };
/* End PBXBuildFile section */

/* Begin PBXContainerItemProxy section */
		540AC4A91E1661BA0054334B /* PBXContainerItemProxy */ = {
			isa = PBXContainerItemProxy;
			containerPortal = 540AC4871E1661B90054334B /* Project object */;
			proxyType = 1;
			remoteGlobalIDString = 540AC48E1E1661B90054334B;
			remoteInfo = ViewController;
		};
		540AC4B41E1661BA0054334B /* PBXContainerItemProxy */ = {
			isa = PBXContainerItemProxy;
			containerPortal = 540AC4871E1661B90054334B /* Project object */;
			proxyType = 1;
			remoteGlobalIDString = 540AC48E1E1661B90054334B;
			remoteInfo = ViewController;
		};
/* End PBXContainerItemProxy section */

/* Begin PBXFileReference section */
		540AC48F1E1661B90054334B /* ViewController.app */ = {isa = PBXFileReference; explicitFileType = wrapper.application; includeInIndex = 0; path = ViewController.app; sourceTree = BUILT_PRODUCTS_DIR; };
		540AC4931E1661B90054334B /* main.m */ = {isa = PBXFileReference; lastKnownFileType = sourcecode.c.objc; path = main.m; sourceTree = "<group>"; };
		540AC4951E1661B90054334B /* AppDelegate.h */ = {isa = PBXFileReference; lastKnownFileType = sourcecode.c.h; path = AppDelegate.h; sourceTree = "<group>"; };
		540AC4961E1661B90054334B /* AppDelegate.m */ = {isa = PBXFileReference; lastKnownFileType = sourcecode.c.objc; path = AppDelegate.m; sourceTree = "<group>"; };
		540AC4981E1661B90054334B /* ViewController.h */ = {isa = PBXFileReference; lastKnownFileType = sourcecode.c.h; path = ViewController.h; sourceTree = "<group>"; };
		540AC4991E1661B90054334B /* ViewController.m */ = {isa = PBXFileReference; lastKnownFileType = sourcecode.c.objc; path = ViewController.m; sourceTree = "<group>"; };
		540AC49E1E1661B90054334B /* Assets.xcassets */ = {isa = PBXFileReference; lastKnownFileType = folder.assetcatalog; path = Assets.xcassets; sourceTree = "<group>"; };
		540AC4A11E1661B90054334B /* Base */ = {isa = PBXFileReference; lastKnownFileType = file.storyboard; name = Base; path = Base.lproj/LaunchScreen.storyboard; sourceTree = "<group>"; };
		540AC4A31E1661B90054334B /* Info.plist */ = {isa = PBXFileReference; lastKnownFileType = text.plist.xml; path = Info.plist; sourceTree = "<group>"; };
		540AC4A81E1661BA0054334B /* ViewControllerTests.xctest */ = {isa = PBXFileReference; explicitFileType = wrapper.cfbundle; includeInIndex = 0; path = ViewControllerTests.xctest; sourceTree = BUILT_PRODUCTS_DIR; };
		540AC4AC1E1661BA0054334B /* ViewControllerTests.m */ = {isa = PBXFileReference; lastKnownFileType = sourcecode.c.objc; path = ViewControllerTests.m; sourceTree = "<group>"; };
		540AC4AE1E1661BA0054334B /* Info.plist */ = {isa = PBXFileReference; lastKnownFileType = text.plist.xml; path = Info.plist; sourceTree = "<group>"; };
		540AC4B31E1661BA0054334B /* ViewControllerUITests.xctest */ = {isa = PBXFileReference; explicitFileType = wrapper.cfbundle; includeInIndex = 0; path = ViewControllerUITests.xctest; sourceTree = BUILT_PRODUCTS_DIR; };
		540AC4B71E1661BA0054334B /* ViewControllerUITests.m */ = {isa = PBXFileReference; lastKnownFileType = sourcecode.c.objc; path = ViewControllerUITests.m; sourceTree = "<group>"; };
		540AC4B91E1661BA0054334B /* Info.plist */ = {isa = PBXFileReference; lastKnownFileType = text.plist.xml; path = Info.plist; sourceTree = "<group>"; };
		54D6F3DA1E1E2A52008B93CE /* Photo.h */ = {isa = PBXFileReference; fileEncoding = 4; lastKnownFileType = sourcecode.c.h; path = Photo.h; sourceTree = "<group>"; };
		54D6F3DB1E1E2A52008B93CE /* Photo.m */ = {isa = PBXFileReference; fileEncoding = 4; lastKnownFileType = sourcecode.c.objc; path = Photo.m; sourceTree = "<group>"; };
		54D6F3DF1E1E2F86008B93CE /* PhotoCell.h */ = {isa = PBXFileReference; fileEncoding = 4; lastKnownFileType = sourcecode.c.h; path = PhotoCell.h; sourceTree = "<group>"; };
		54D6F3E01E1E2F86008B93CE /* PhotoCell.m */ = {isa = PBXFileReference; fileEncoding = 4; lastKnownFileType = sourcecode.c.objc; path = PhotoCell.m; sourceTree = "<group>"; };
		54D6F4241E1F6E5E008B93CE /* bg_white_top@2x.png */ = {isa = PBXFileReference; lastKnownFileType = image.png; path = "bg_white_top@2x.png"; sourceTree = "<group>"; };
		54D6F4261E1F87D8008B93CE /* ArrayDataSource.h */ = {isa = PBXFileReference; fileEncoding = 4; lastKnownFileType = sourcecode.c.h; path = ArrayDataSource.h; sourceTree = "<group>"; };
		54D6F4271E1F87D8008B93CE /* ArrayDataSource.m */ = {isa = PBXFileReference; fileEncoding = 4; lastKnownFileType = sourcecode.c.objc; path = ArrayDataSource.m; sourceTree = "<group>"; };
/* End PBXFileReference section */

/* Begin PBXFrameworksBuildPhase section */
		540AC48C1E1661B90054334B /* Frameworks */ = {
			isa = PBXFrameworksBuildPhase;
			buildActionMask = 2147483647;
			files = (
			);
			runOnlyForDeploymentPostprocessing = 0;
		};
		540AC4A51E1661BA0054334B /* Frameworks */ = {
			isa = PBXFrameworksBuildPhase;
			buildActionMask = 2147483647;
			files = (
			);
			runOnlyForDeploymentPostprocessing = 0;
		};
		540AC4B01E1661BA0054334B /* Frameworks */ = {
			isa = PBXFrameworksBuildPhase;
			buildActionMask = 2147483647;
			files = (
			);
			runOnlyForDeploymentPostprocessing = 0;
		};
/* End PBXFrameworksBuildPhase section */

/* Begin PBXGroup section */
		540AC4861E1661B90054334B = {
			isa = PBXGroup;
			children = (
				540AC4911E1661B90054334B /* ViewController */,
				540AC4AB1E1661BA0054334B /* ViewControllerTests */,
				540AC4B61E1661BA0054334B /* ViewControllerUITests */,
				540AC4901E1661B90054334B /* Products */,
			);
			sourceTree = "<group>";
		};
		540AC4901E1661B90054334B /* Products */ = {
			isa = PBXGroup;
			children = (
				540AC48F1E1661B90054334B /* ViewController.app */,
				540AC4A81E1661BA0054334B /* ViewControllerTests.xctest */,
				540AC4B31E1661BA0054334B /* ViewControllerUITests.xctest */,
			);
			name = Products;
			sourceTree = "<group>";
		};
		540AC4911E1661B90054334B /* ViewController */ = {
			isa = PBXGroup;
			children = (
				54D6F3DE1E1E2F79008B93CE /* View */,
				54D6F3DD1E1E2A5D008B93CE /* Model */,
				540AC4951E1661B90054334B /* AppDelegate.h */,
				540AC4961E1661B90054334B /* AppDelegate.m */,
				540AC4981E1661B90054334B /* ViewController.h */,
				540AC4991E1661B90054334B /* ViewController.m */,
				540AC49E1E1661B90054334B /* Assets.xcassets */,
				540AC4A01E1661B90054334B /* LaunchScreen.storyboard */,
				540AC4A31E1661B90054334B /* Info.plist */,
				540AC4921E1661B90054334B /* Supporting Files */,
			);
			path = ViewController;
			sourceTree = "<group>";
		};
		540AC4921E1661B90054334B /* Supporting Files */ = {
			isa = PBXGroup;
			children = (
				540AC4931E1661B90054334B /* main.m */,
			);
			name = "Supporting Files";
			sourceTree = "<group>";
		};
		540AC4AB1E1661BA0054334B /* ViewControllerTests */ = {
			isa = PBXGroup;
			children = (
				540AC4AC1E1661BA0054334B /* ViewControllerTests.m */,
				540AC4AE1E1661BA0054334B /* Info.plist */,
			);
			path = ViewControllerTests;
			sourceTree = "<group>";
		};
		540AC4B61E1661BA0054334B /* ViewControllerUITests */ = {
			isa = PBXGroup;
			children = (
				540AC4B71E1661BA0054334B /* ViewControllerUITests.m */,
				540AC4B91E1661BA0054334B /* Info.plist */,
			);
			path = ViewControllerUITests;
			sourceTree = "<group>";
		};
		54D6F3DD1E1E2A5D008B93CE /* Model */ = {
			isa = PBXGroup;
			children = (
				54D6F4261E1F87D8008B93CE /* ArrayDataSource.h */,
				54D6F4271E1F87D8008B93CE /* ArrayDataSource.m */,
				54D6F4241E1F6E5E008B93CE /* bg_white_top@2x.png */,
				54D6F3DA1E1E2A52008B93CE /* Photo.h */,
				54D6F3DB1E1E2A52008B93CE /* Photo.m */,
			);
			name = Model;
			sourceTree = "<group>";
		};
		54D6F3DE1E1E2F79008B93CE /* View */ = {
			isa = PBXGroup;
			children = (
				54D6F3DF1E1E2F86008B93CE /* PhotoCell.h */,
				54D6F3E01E1E2F86008B93CE /* PhotoCell.m */,
			);
			name = View;
			sourceTree = "<group>";
		};
/* End PBXGroup section */

/* Begin PBXNativeTarget section */
		540AC48E1E1661B90054334B /* ViewController */ = {
			isa = PBXNativeTarget;
			buildConfigurationList = 540AC4BC1E1661BA0054334B /* Build configuration list for PBXNativeTarget "ViewController" */;
			buildPhases = (
				540AC48B1E1661B90054334B /* Sources */,
				540AC48C1E1661B90054334B /* Frameworks */,
				540AC48D1E1661B90054334B /* Resources */,
			);
			buildRules = (
			);
			dependencies = (
			);
			name = ViewController;
			productName = ViewController;
			productReference = 540AC48F1E1661B90054334B /* ViewController.app */;
			productType = "com.apple.product-type.application";
		};
		540AC4A71E1661BA0054334B /* ViewControllerTests */ = {
			isa = PBXNativeTarget;
			buildConfigurationList = 540AC4BF1E1661BA0054334B /* Build configuration list for PBXNativeTarget "ViewControllerTests" */;
			buildPhases = (
				540AC4A41E1661BA0054334B /* Sources */,
				540AC4A51E1661BA0054334B /* Frameworks */,
				540AC4A61E1661BA0054334B /* Resources */,
			);
			buildRules = (
			);
			dependencies = (
				540AC4AA1E1661BA0054334B /* PBXTargetDependency */,
			);
			name = ViewControllerTests;
			productName = ViewControllerTests;
			productReference = 540AC4A81E1661BA0054334B /* ViewControllerTests.xctest */;
			productType = "com.apple.product-type.bundle.unit-test";
		};
		540AC4B21E1661BA0054334B /* ViewControllerUITests */ = {
			isa = PBXNativeTarget;
			buildConfigurationList = 540AC4C21E1661BA0054334B /* Build configuration list for PBXNativeTarget "ViewControllerUITests" */;
			buildPhases = (
				540AC4AF1E1661BA0054334B /* Sources */,
				540AC4B01E1661BA0054334B /* Frameworks */,
				540AC4B11E1661BA0054334B /* Resources */,
			);
			buildRules = (
			);
			dependencies = (
				540AC4B51E1661BA0054334B /* PBXTargetDependency */,
			);
			name = ViewControllerUITests;
			productName = ViewControllerUITests;
			productReference = 540AC4B31E1661BA0054334B /* ViewControllerUITests.xctest */;
			productType = "com.apple.product-type.bundle.ui-testing";
		};
/* End PBXNativeTarget section */

/* Begin PBXProject section */
		540AC4871E1661B90054334B /* Project object */ = {
			isa = PBXProject;
			attributes = {
				LastUpgradeCheck = 0820;
				ORGANIZATIONNAME = liulihua;
				TargetAttributes = {
					540AC48E1E1661B90054334B = {
						CreatedOnToolsVersion = 8.2;
						DevelopmentTeam = FWT7L2JR7Y;
						ProvisioningStyle = Manual;
					};
					540AC4A71E1661BA0054334B = {
						CreatedOnToolsVersion = 8.2;
						ProvisioningStyle = Automatic;
						TestTargetID = 540AC48E1E1661B90054334B;
					};
					540AC4B21E1661BA0054334B = {
						CreatedOnToolsVersion = 8.2;
						ProvisioningStyle = Automatic;
						TestTargetID = 540AC48E1E1661B90054334B;
					};
				};
			};
			buildConfigurationList = 540AC48A1E1661B90054334B /* Build configuration list for PBXProject "ViewController" */;
			compatibilityVersion = "Xcode 3.2";
			developmentRegion = English;
			hasScannedForEncodings = 0;
			knownRegions = (
				en,
				Base,
			);
			mainGroup = 540AC4861E1661B90054334B;
			productRefGroup = 540AC4901E1661B90054334B /* Products */;
			projectDirPath = "";
			projectRoot = "";
			targets = (
				540AC48E1E1661B90054334B /* ViewController */,
				540AC4A71E1661BA0054334B /* ViewControllerTests */,
				540AC4B21E1661BA0054334B /* ViewControllerUITests */,
			);
		};
/* End PBXProject section */

/* Begin PBXResourcesBuildPhase section */
		540AC48D1E1661B90054334B /* Resources */ = {
			isa = PBXResourcesBuildPhase;
			buildActionMask = 2147483647;
			files = (
				54D6F4251E1F6E5E008B93CE /* bg_white_top@2x.png in Resources */,
				540AC4A21E1661B90054334B /* LaunchScreen.storyboard in Resources */,
				540AC49F1E1661B90054334B /* Assets.xcassets in Resources */,
			);
			runOnlyForDeploymentPostprocessing = 0;
		};
		540AC4A61E1661BA0054334B /* Resources */ = {
			isa = PBXResourcesBuildPhase;
			buildActionMask = 2147483647;
			files = (
			);
			runOnlyForDeploymentPostprocessing = 0;
		};
		540AC4B11E1661BA0054334B /* Resources */ = {
			isa = PBXResourcesBuildPhase;
			buildActionMask = 2147483647;
			files = (
			);
			runOnlyForDeploymentPostprocessing = 0;
		};
/* End PBXResourcesBuildPhase section */

/* Begin PBXSourcesBuildPhase section */
		540AC48B1E1661B90054334B /* Sources */ = {
			isa = PBXSourcesBuildPhase;
			buildActionMask = 2147483647;
			files = (
				54D6F4281E1F87D8008B93CE /* ArrayDataSource.m in Sources */,
				54D6F3DC1E1E2A52008B93CE /* Photo.m in Sources */,
				54D6F3E11E1E2F86008B93CE /* PhotoCell.m in Sources */,
				540AC49A1E1661B90054334B /* ViewController.m in Sources */,
				540AC4971E1661B90054334B /* AppDelegate.m in Sources */,
				540AC4941E1661B90054334B /* main.m in Sources */,
			);
			runOnlyForDeploymentPostprocessing = 0;
		};
		540AC4A41E1661BA0054334B /* Sources */ = {
			isa = PBXSourcesBuildPhase;
			buildActionMask = 2147483647;
			files = (
				540AC4AD1E1661BA0054334B /* ViewControllerTests.m in Sources */,
			);
			runOnlyForDeploymentPostprocessing = 0;
		};
		540AC4AF1E1661BA0054334B /* Sources */ = {
			isa = PBXSourcesBuildPhase;
			buildActionMask = 2147483647;
			files = (
				540AC4B81E1661BA0054334B /* ViewControllerUITests.m in Sources */,
			);
			runOnlyForDeploymentPostprocessing = 0;
		};
/* End PBXSourcesBuildPhase section */

/* Begin PBXTargetDependency section */
		540AC4AA1E1661BA0054334B /* PBXTargetDependency */ = {
			isa = PBXTargetDependency;
			target = 540AC48E1E1661B90054334B /* ViewController */;
			targetProxy = 540AC4A91E1661BA0054334B /* PBXContainerItemProxy */;
		};
		540AC4B51E1661BA0054334B /* PBXTargetDependency */ = {
			isa = PBXTargetDependency;
			target = 540AC48E1E1661B90054334B /* ViewController */;
			targetProxy = 540AC4B41E1661BA0054334B /* PBXContainerItemProxy */;
		};
/* End PBXTargetDependency section */

/* Begin PBXVariantGroup section */
		540AC4A01E1661B90054334B /* LaunchScreen.storyboard */ = {
			isa = PBXVariantGroup;
			children = (
				540AC4A11E1661B90054334B /* Base */,
			);
			name = LaunchScreen.storyboard;
			sourceTree = "<group>";
		};
/* End PBXVariantGroup section */

/* Begin XCBuildConfiguration section */
		540AC4BA1E1661BA0054334B /* Debug */ = {
			isa = XCBuildConfiguration;
			buildSettings = {
				ALWAYS_SEARCH_USER_PATHS = NO;
				CLANG_ANALYZER_NONNULL = YES;
				CLANG_CXX_LANGUAGE_STANDARD = "gnu++0x";
				CLANG_CXX_LIBRARY = "libc++";
				CLANG_ENABLE_MODULES = YES;
				CLANG_ENABLE_OBJC_ARC = YES;
				CLANG_WARN_BOOL_CONVERSION = YES;
				CLANG_WARN_CONSTANT_CONVERSION = YES;
				CLANG_WARN_DIRECT_OBJC_ISA_USAGE = YES_ERROR;
				CLANG_WARN_DOCUMENTATION_COMMENTS = YES;
				CLANG_WARN_EMPTY_BODY = YES;
				CLANG_WARN_ENUM_CONVERSION = YES;
				CLANG_WARN_INFINITE_RECURSION = YES;
				CLANG_WARN_INT_CONVERSION = YES;
				CLANG_WARN_OBJC_ROOT_CLASS = YES_ERROR;
				CLANG_WARN_SUSPICIOUS_MOVE = YES;
				CLANG_WARN_UNREACHABLE_CODE = YES;
				CLANG_WARN__DUPLICATE_METHOD_MATCH = YES;
				"CODE_SIGN_IDENTITY[sdk=iphoneos*]" = "iPhone Developer";
				COPY_PHASE_STRIP = NO;
				DEBUG_INFORMATION_FORMAT = dwarf;
				ENABLE_STRICT_OBJC_MSGSEND = YES;
				ENABLE_TESTABILITY = YES;
				GCC_C_LANGUAGE_STANDARD = gnu99;
				GCC_DYNAMIC_NO_PIC = NO;
				GCC_NO_COMMON_BLOCKS = YES;
				GCC_OPTIMIZATION_LEVEL = 0;
				GCC_PREPROCESSOR_DEFINITIONS = (
					"DEBUG=1",
					"$(inherited)",
				);
				GCC_WARN_64_TO_32_BIT_CONVERSION = YES;
				GCC_WARN_ABOUT_RETURN_TYPE = YES_ERROR;
				GCC_WARN_UNDECLARED_SELECTOR = YES;
				GCC_WARN_UNINITIALIZED_AUTOS = YES_AGGRESSIVE;
				GCC_WARN_UNUSED_FUNCTION = YES;
				GCC_WARN_UNUSED_VARIABLE = YES;
				IPHONEOS_DEPLOYMENT_TARGET = 10.2;
				MTL_ENABLE_DEBUG_INFO = YES;
				ONLY_ACTIVE_ARCH = YES;
				SDKROOT = iphoneos;
				TARGETED_DEVICE_FAMILY = "1,2";
			};
			name = Debug;
		};
		540AC4BB1E1661BA0054334B /* Release */ = {
			isa = XCBuildConfiguration;
			buildSettings = {
				ALWAYS_SEARCH_USER_PATHS = NO;
				CLANG_ANALYZER_NONNULL = YES;
				CLANG_CXX_LANGUAGE_STANDARD = "gnu++0x";
				CLANG_CXX_LIBRARY = "libc++";
				CLANG_ENABLE_MODULES = YES;
				CLANG_ENABLE_OBJC_ARC = YES;
				CLANG_WARN_BOOL_CONVERSION = YES;
				CLANG_WARN_CONSTANT_CONVERSION = YES;
				CLANG_WARN_DIRECT_OBJC_ISA_USAGE = YES_ERROR;
				CLANG_WARN_DOCUMENTATION_COMMENTS = YES;
				CLANG_WARN_EMPTY_BODY = YES;
				CLANG_WARN_ENUM_CONVERSION = YES;
				CLANG_WARN_INFINITE_RECURSION = YES;
				CLANG_WARN_INT_CONVERSION = YES;
				CLANG_WARN_OBJC_ROOT_CLASS = YES_ERROR;
				CLANG_WARN_SUSPICIOUS_MOVE = YES;
				CLANG_WARN_UNREACHABLE_CODE = YES;
				CLANG_WARN__DUPLICATE_METHOD_MATCH = YES;
				"CODE_SIGN_IDENTITY[sdk=iphoneos*]" = "iPhone Developer";
				COPY_PHASE_STRIP = NO;
				DEBUG_INFORMATION_FORMAT = "dwarf-with-dsym";
				ENABLE_NS_ASSERTIONS = NO;
				ENABLE_STRICT_OBJC_MSGSEND = YES;
				GCC_C_LANGUAGE_STANDARD = gnu99;
				GCC_NO_COMMON_BLOCKS = YES;
				GCC_WARN_64_TO_32_BIT_CONVERSION = YES;
				GCC_WARN_ABOUT_RETURN_TYPE = YES_ERROR;
				GCC_WARN_UNDECLARED_SELECTOR = YES;
				GCC_WARN_UNINITIALIZED_AUTOS = YES_AGGRESSIVE;
				GCC_WARN_UNUSED_FUNCTION = YES;
				GCC_WARN_UNUSED_VARIABLE = YES;
				IPHONEOS_DEPLOYMENT_TARGET = 10.2;
				MTL_ENABLE_DEBUG_INFO = NO;
				SDKROOT = iphoneos;
				TARGETED_DEVICE_FAMILY = "1,2";
				VALIDATE_PRODUCT = YES;
			};
			name = Release;
		};
		540AC4BD1E1661BA0054334B /* Debug */ = {
			isa = XCBuildConfiguration;
			buildSettings = {
				ASSETCATALOG_COMPILER_APPICON_NAME = AppIcon;
				CODE_SIGN_IDENTITY = "iPhone Developer: Yu Zhang (YFC963BSF9)";
				DEVELOPMENT_TEAM = FWT7L2JR7Y;
				INFOPLIST_FILE = ViewController/Info.plist;
				IPHONEOS_DEPLOYMENT_TARGET = 8.0;
				LD_RUNPATH_SEARCH_PATHS = "$(inherited) @executable_path/Frameworks";
				PRODUCT_BUNDLE_IDENTIFIER = com.lever.ViewController;
				PRODUCT_NAME = "$(TARGET_NAME)";
				PROVISIONING_PROFILE = "b56f9a05-242c-4bd1-99a0-177ad91de0fb";
				PROVISIONING_PROFILE_SPECIFIER = lihuaComstar_dev;
			};
			name = Debug;
		};
		540AC4BE1E1661BA0054334B /* Release */ = {
			isa = XCBuildConfiguration;
			buildSettings = {
				ASSETCATALOG_COMPILER_APPICON_NAME = AppIcon;
				CODE_SIGN_IDENTITY = "";
				"CODE_SIGN_IDENTITY[sdk=iphoneos*]" = "";
				DEVELOPMENT_TEAM = FWT7L2JR7Y;
				INFOPLIST_FILE = ViewController/Info.plist;
				IPHONEOS_DEPLOYMENT_TARGET = 8.0;
				LD_RUNPATH_SEARCH_PATHS = "$(inherited) @executable_path/Frameworks";
				PRODUCT_BUNDLE_IDENTIFIER = com.lever.ViewController;
				PRODUCT_NAME = "$(TARGET_NAME)";
				PROVISIONING_PROFILE = "049c492d-cfdd-4d25-b7fa-96ae31973f5b";
				PROVISIONING_PROFILE_SPECIFIER = lihuaComStar_hoc;
			};
			name = Release;
		};
		540AC4C01E1661BA0054334B /* Debug */ = {
			isa = XCBuildConfiguration;
			buildSettings = {
				BUNDLE_LOADER = "$(TEST_HOST)";
				INFOPLIST_FILE = ViewControllerTests/Info.plist;
				LD_RUNPATH_SEARCH_PATHS = "$(inherited) @executable_path/Frameworks @loader_path/Frameworks";
				PRODUCT_BUNDLE_IDENTIFIER = com.lever.ViewControllerTests;
				PRODUCT_NAME = "$(TARGET_NAME)";
				TEST_HOST = "$(BUILT_PRODUCTS_DIR)/ViewController.app/ViewController";
			};
			name = Debug;
		};
		540AC4C11E1661BA0054334B /* Release */ = {
			isa = XCBuildConfiguration;
			buildSettings = {
				BUNDLE_LOADER = "$(TEST_HOST)";
				INFOPLIST_FILE = ViewControllerTests/Info.plist;
				LD_RUNPATH_SEARCH_PATHS = "$(inherited) @executable_path/Frameworks @loader_path/Frameworks";
				PRODUCT_BUNDLE_IDENTIFIER = com.lever.ViewControllerTests;
				PRODUCT_NAME = "$(TARGET_NAME)";
				TEST_HOST = "$(BUILT_PRODUCTS_DIR)/ViewController.app/ViewController";
			};
			name = Release;
		};
		540AC4C31E1661BA0054334B /* Debug */ = {
			isa = XCBuildConfiguration;
			buildSettings = {
				INFOPLIST_FILE = ViewControllerUITests/Info.plist;
				LD_RUNPATH_SEARCH_PATHS = "$(inherited) @executable_path/Frameworks @loader_path/Frameworks";
				PRODUCT_BUNDLE_IDENTIFIER = com.lever.ViewControllerUITests;
				PRODUCT_NAME = "$(TARGET_NAME)";
				TEST_TARGET_NAME = ViewController;
			};
			name = Debug;
		};
		540AC4C41E1661BA0054334B /* Release */ = {
			isa = XCBuildConfiguration;
			buildSettings = {
				INFOPLIST_FILE = ViewControllerUITests/Info.plist;
				LD_RUNPATH_SEARCH_PATHS = "$(inherited) @executable_path/Frameworks @loader_path/Frameworks";
				PRODUCT_BUNDLE_IDENTIFIER = com.lever.ViewControllerUITests;
				PRODUCT_NAME = "$(TARGET_NAME)";
				TEST_TARGET_NAME = ViewController;
			};
			name = Release;
		};
/* End XCBuildConfiguration section */

/* Begin XCConfigurationList section */
		540AC48A1E1661B90054334B /* Build configuration list for PBXProject "ViewController" */ = {
			isa = XCConfigurationList;
			buildConfigurations = (
				540AC4BA1E1661BA0054334B /* Debug */,
				540AC4BB1E1661BA0054334B /* Release */,
			);
			defaultConfigurationIsVisible = 0;
			defaultConfigurationName = Release;
		};
		540AC4BC1E1661BA0054334B /* Build configuration list for PBXNativeTarget "ViewController" */ = {
			isa = XCConfigurationList;
			buildConfigurations = (
				540AC4BD1E1661BA0054334B /* Debug */,
				540AC4BE1E1661BA0054334B /* Release */,
			);
			defaultConfigurationIsVisible = 0;
			defaultConfigurationName = Release;
		};
		540AC4BF1E1661BA0054334B /* Build configuration list for PBXNativeTarget "ViewControllerTests" */ = {
			isa = XCConfigurationList;
			buildConfigurations = (
				540AC4C01E1661BA0054334B /* Debug */,
				540AC4C11E1661BA0054334B /* Release */,
			);
			defaultConfigurationIsVisible = 0;
			defaultConfigurationName = Release;
		};
		540AC4C21E1661BA0054334B /* Build configuration list for PBXNativeTarget "ViewControllerUITests" */ = {
			isa = XCConfigurationList;
			buildConfigurations = (
				540AC4C31E1661BA0054334B /* Debug */,
				540AC4C41E1661BA0054334B /* Release */,
			);
			defaultConfigurationIsVisible = 0;
			defaultConfigurationName = Release;
		};
/* End XCConfigurationList section */
	};
	rootObject = 540AC4871E1661B90054334B /* Project object */;
}
